{
    "version": 3,
    "terraform_version": "0.8.5",
    "serial": 1,
    "lineage": "faa1245a-b24a-47bf-98f1-6270b32bac2d",
    "modules": [
        {
            "path": [
                "root"
            ],
            "outputs": {},
            "resources": {
                "aws_security_group.frontend_security": {
                    "type": "aws_security_group",
                    "depends_on": [],
                    "primary": {
                        "id": "sg-0042eddf054a12419",
                        "attributes": {
                            "description": "Allow traffic over port 80",
                            "egress.#": "1",
                            "egress.482069346.cidr_blocks.#": "1",
                            "egress.482069346.cidr_blocks.0": "0.0.0.0/0",
                            "egress.482069346.from_port": "0",
                            "egress.482069346.prefix_list_ids.#": "0",
                            "egress.482069346.protocol": "-1",
                            "egress.482069346.security_groups.#": "0",
                            "egress.482069346.self": "false",
                            "egress.482069346.to_port": "0",
                            "id": "sg-0042eddf054a12419",
                            "ingress.#": "1",
                            "ingress.2080286321.cidr_blocks.#": "1",
                            "ingress.2080286321.cidr_blocks.0": "0.0.0.0/0",
                            "ingress.2080286321.from_port": "80",
                            "ingress.2080286321.protocol": "tcp",
                            "ingress.2080286321.security_groups.#": "0",
                            "ingress.2080286321.self": "false",
                            "ingress.2080286321.to_port": "80",
                            "name": "fronend_sec",
                            "owner_id": "415297459336",
                            "tags.%": "1",
                            "tags.Name": "frontend_sec_group",
                            "vpc_id": "vpc-fc5ec986"
                        },
                        "meta": {},
                        "tainted": false
                    },
                    "deposed": [],
                    "provider": "aws.virginia"
                }
            },
            "depends_on": []
        }
    ]
}
